// !$*UTF8*$!
{
	archiveVersion = 1;
	classes = {
	};
	objectVersion = 48;
	objects = {

/* Begin PBXBuildFile section */
		D23B99B61FA1D934004C98D0 /* PageViewController.swift in Sources */ = {isa = PBXBuildFile; fileRef = D23B99B51FA1D934004C98D0 /* PageViewController.swift */; };
		D23B99BB1FA1E38C004C98D0 /* PageMenu.framework in Frameworks */ = {isa = PBXBuildFile; fileRef = D23B99BC1FA1E38C004C98D0 /* PageMenu.framework */; };
		D267F17E1FA1D66C0019192E /* AppDelegate.swift in Sources */ = {isa = PBXBuildFile; fileRef = D267F17D1FA1D66C0019192E /* AppDelegate.swift */; };
		D267F1801FA1D66C0019192E /* ViewController.swift in Sources */ = {isa = PBXBuildFile; fileRef = D267F17F1FA1D66C0019192E /* ViewController.swift */; };
		D267F1831FA1D66C0019192E /* Main.storyboard in Resources */ = {isa = PBXBuildFile; fileRef = D267F1811FA1D66C0019192E /* Main.storyboard */; };
		D267F1851FA1D66C0019192E /* Assets.xcassets in Resources */ = {isa = PBXBuildFile; fileRef = D267F1841FA1D66C0019192E /* Assets.xcassets */; };
		D267F1881FA1D66C0019192E /* LaunchScreen.storyboard in Resources */ = {isa = PBXBuildFile; fileRef = D267F1861FA1D66C0019192E /* LaunchScreen.storyboard */; };
/* End PBXBuildFile section */

/* Begin PBXFileReference section */
		D23B99B51FA1D934004C98D0 /* PageViewController.swift */ = {isa = PBXFileReference; lastKnownFileType = sourcecode.swift; path = PageViewController.swift; sourceTree = "<group>"; };
		D23B99BC1FA1E38C004C98D0 /* PageMenu.framework */ = {isa = PBXFileReference; explicitFileType = wrapper.framework; path = PageMenu.framework; sourceTree = BUILT_PRODUCTS_DIR; };
		D267F17A1FA1D66C0019192E /* PageMenuDemoOverlay.app */ = {isa = PBXFileReference; explicitFileType = wrapper.application; includeInIndex = 0; path = PageMenuDemoOverlay.app; sourceTree = BUILT_PRODUCTS_DIR; };
		D267F17D1FA1D66C0019192E /* AppDelegate.swift */ = {isa = PBXFileReference; lastKnownFileType = sourcecode.swift; path = AppDelegate.swift; sourceTree = "<group>"; };
		D267F17F1FA1D66C0019192E /* ViewController.swift */ = {isa = PBXFileReference; lastKnownFileType = sourcecode.swift; path = ViewController.swift; sourceTree = "<group>"; };
		D267F1821FA1D66C0019192E /* Base */ = {isa = PBXFileReference; lastKnownFileType = file.storyboard; name = Base; path = Base.lproj/Main.storyboard; sourceTree = "<group>"; };
		D267F1841FA1D66C0019192E /* Assets.xcassets */ = {isa = PBXFileReference; lastKnownFileType = folder.assetcatalog; path = Assets.xcassets; sourceTree = "<group>"; };
		D267F1871FA1D66C0019192E /* Base */ = {isa = PBXFileReference; lastKnownFileType = file.storyboard; name = Base; path = Base.lproj/LaunchScreen.storyboard; sourceTree = "<group>"; };
		D267F1891FA1D66C0019192E /* Info.plist */ = {isa = PBXFileReference; lastKnownFileType = text.plist.xml; path = Info.plist; sourceTree = "<group>"; };
/* End PBXFileReference section */

/* Begin PBXFrameworksBuildPhase section */
		D267F1771FA1D66C0019192E /* Frameworks */ = {
			isa = PBXFrameworksBuildPhase;
			buildActionMask = 2147483647;
			files = (
				D23B99BB1FA1E38C004C98D0 /* PageMenu.framework in Frameworks */,
			);
			runOnlyForDeploymentPostprocessing = 0;
		};
/* End PBXFrameworksBuildPhase section */

/* Begin PBXGroup section */
		D23B99BA1FA1E38C004C98D0 /* Frameworks */ = {
			isa = PBXGroup;
			children = (
				D23B99BC1FA1E38C004C98D0 /* PageMenu.framework */,
			);
			name = Frameworks;
			sourceTree = "<group>";
		};
		D267F1711FA1D66C0019192E = {
			isa = PBXGroup;
			children = (
				D267F17C1FA1D66C0019192E /* PageMenuDemoOverlay */,
				D267F17B1FA1D66C0019192E /* Products */,
				D23B99BA1FA1E38C004C98D0 /* Frameworks */,
			);
			sourceTree = "<group>";
		};
		D267F17B1FA1D66C0019192E /* Products */ = {
			isa = PBXGroup;
			children = (
				D267F17A1FA1D66C0019192E /* PageMenuDemoOverlay.app */,
			);
			name = Products;
			sourceTree = "<group>";
		};
		D267F17C1FA1D66C0019192E /* PageMenuDemoOverlay */ = {
			isa = PBXGroup;
			children = (
				D267F17D1FA1D66C0019192E /* AppDelegate.swift */,
				D267F17F1FA1D66C0019192E /* ViewController.swift */,
				D23B99B51FA1D934004C98D0 /* PageViewController.swift */,
				D267F1811FA1D66C0019192E /* Main.storyboard */,
				D267F1841FA1D66C0019192E /* Assets.xcassets */,
				D267F1861FA1D66C0019192E /* LaunchScreen.storyboard */,
				D267F1891FA1D66C0019192E /* Info.plist */,
			);
			path = PageMenuDemoOverlay;
			sourceTree = "<group>";
		};
/* End PBXGroup section */

/* Begin PBXNativeTarget section */
		D267F1791FA1D66C0019192E /* PageMenuDemoOverlay */ = {
			isa = PBXNativeTarget;
			buildConfigurationList = D267F18C1FA1D66C0019192E /* Build configuration list for PBXNativeTarget "PageMenuDemoOverlay" */;
			buildPhases = (
				D267F1761FA1D66C0019192E /* Sources */,
				D267F1771FA1D66C0019192E /* Frameworks */,
				D267F1781FA1D66C0019192E /* Resources */,
			);
			buildRules = (
			);
			dependencies = (
			);
			name = PageMenuDemoOverlay;
			productName = PageMenuDemoOverlay;
			productReference = D267F17A1FA1D66C0019192E /* PageMenuDemoOverlay.app */;
			productType = "com.apple.product-type.application";
		};
/* End PBXNativeTarget section */

/* Begin PBXProject section */
		D267F1721FA1D66C0019192E /* Project object */ = {
			isa = PBXProject;
			attributes = {
				LastSwiftUpdateCheck = 0900;
				LastUpgradeCheck = 0900;
				TargetAttributes = {
					D267F1791FA1D66C0019192E = {
						CreatedOnToolsVersion = 9.0.1;
						ProvisioningStyle = Automatic;
					};
				};
			};
			buildConfigurationList = D267F1751FA1D66C0019192E /* Build configuration list for PBXProject "PageMenuDemoOverlay" */;
			compatibilityVersion = "Xcode 8.0";
			developmentRegion = en;
			hasScannedForEncodings = 0;
			knownRegions = (
				en,
				Base,
			);
			mainGroup = D267F1711FA1D66C0019192E;
			productRefGroup = D267F17B1FA1D66C0019192E /* Products */;
			projectDirPath = "";
			projectRoot = "";
			targets = (
				D267F1791FA1D66C0019192E /* PageMenuDemoOverlay */,
			);
		};
/* End PBXProject section */

/* Begin PBXResourcesBuildPhase section */
		D267F1781FA1D66C0019192E /* Resources */ = {
			isa = PBXResourcesBuildPhase;
			buildActionMask = 2147483647;
			files = (
				D267F1881FA1D66C0019192E /* LaunchScreen.storyboard in Resources */,
				D267F1851FA1D66C0019192E /* Assets.xcassets in Resources */,
				D267F1831FA1D66C0019192E /* Main.storyboard in Resources */,
			);
			runOnlyForDeploymentPostprocessing = 0;
		};
/* End PBXResourcesBuildPhase section */

/* Begin PBXSourcesBuildPhase section */
		D267F1761FA1D66C0019192E /* Sources */ = {
			isa = PBXSourcesBuildPhase;
			buildActionMask = 2147483647;
			files = (
				D23B99B61FA1D934004C98D0 /* PageViewController.swift in Sources */,
				D267F1801FA1D66C0019192E /* ViewController.swift in Sources */,
				D267F17E1FA1D66C0019192E /* AppDelegate.swift in Sources */,
			);
			runOnlyForDeploymentPostprocessing = 0;
		};
/* End PBXSourcesBuildPhase section */

/* Begin PBXVariantGroup section */
		D267F1811FA1D66C0019192E /* Main.storyboard */ = {
			isa = PBXVariantGroup;
			children = (
				D267F1821FA1D66C0019192E /* Base */,
			);
			name = Main.storyboard;
			sourceTree = "<group>";
		};
		D267F1861FA1D66C0019192E /* LaunchScreen.storyboard */ = {
			isa = PBXVariantGroup;
			children = (
				D267F1871FA1D66C0019192E /* Base */,
			);
			name = LaunchScreen.storyboard;
			sourceTree = "<group>";
		};
/* End PBXVariantGroup section */

/* Begin XCBuildConfiguration section */
		D267F18A1FA1D66C0019192E /* Debug */ = {
			isa = XCBuildConfiguration;
			buildSettings = {
				ALWAYS_SEARCH_USER_PATHS = NO;
				CLANG_ANALYZER_NONNULL = YES;
				CLANG_ANALYZER_NUMBER_OBJECT_CONVERSION = YES_AGGRESSIVE;
				CLANG_CXX_LANGUAGE_STANDARD = "gnu++14";
				CLANG_CXX_LIBRARY = "libc++";
				CLANG_ENABLE_MODULES = YES;
				CLANG_ENABLE_OBJC_ARC = YES;
				CLANG_WARN_BLOCK_CAPTURE_AUTORELEASING = YES;
				CLANG_WARN_BOOL_CONVERSION = YES;
				CLANG_WARN_COMMA = YES;
				CLANG_WARN_CONSTANT_CONVERSION = YES;
				CLANG_WARN_DIRECT_OBJC_ISA_USAGE = YES_ERROR;
				CLANG_WARN_DOCUMENTATION_COMMENTS = YES;
				CLANG_WARN_EMPTY_BODY = YES;
				CLANG_WARN_ENUM_CONVERSION = YES;
				CLANG_WARN_INFINITE_RECURSION = YES;
				CLANG_WARN_INT_CONVERSION = YES;
				CLANG_WARN_NON_LITERAL_NULL_CONVERSION = YES;
				CLANG_WARN_OBJC_LITERAL_CONVERSION = YES;
				CLANG_WARN_OBJC_ROOT_CLASS = YES_ERROR;
				CLANG_WARN_RANGE_LOOP_ANALYSIS = YES;
				CLANG_WARN_STRICT_PROTOTYPES = YES;
				CLANG_WARN_SUSPICIOUS_MOVE = YES;
				CLANG_WARN_UNGUARDED_AVAILABILITY = YES_AGGRESSIVE;
				CLANG_WARN_UNREACHABLE_CODE = YES;
				CLANG_WARN__DUPLICATE_METHOD_MATCH = YES;
				CODE_SIGN_IDENTITY = "iPhone Developer";
				COPY_PHASE_STRIP = NO;
				DEBUG_INFORMATION_FORMAT = dwarf;
				ENABLE_STRICT_OBJC_MSGSEND = YES;
				ENABLE_TESTABILITY = YES;
				GCC_C_LANGUAGE_STANDARD = gnu11;
				GCC_DYNAMIC_NO_PIC = NO;
				GCC_NO_COMMON_BLOCKS = YES;
				GCC_OPTIMIZATION_LEVEL = 0;
				GCC_PREPROCESSOR_DEFINITIONS = (
					"DEBUG=1",
					"$(inherited)",
				);
				GCC_WARN_64_TO_32_BIT_CONVERSION = YES;
				GCC_WARN_ABOUT_RETURN_TYPE = YES_ERROR;
				GCC_WARN_UNDECLARED_SELECTOR = YES;
				GCC_WARN_UNINITIALIZED_AUTOS = YES_AGGRESSIVE;
				GCC_WARN_UNUSED_FUNCTION = YES;
				GCC_WARN_UNUSED_VARIABLE = YES;
				IPHONEOS_DEPLOYMENT_TARGET = 11.0;
				MTL_ENABLE_DEBUG_INFO = YES;
				ONLY_ACTIVE_ARCH = YES;
				SDKROOT = iphoneos;
				SWIFT_ACTIVE_COMPILATION_CONDITIONS = DEBUG;
				SWIFT_OPTIMIZATION_LEVEL = "-Onone";
			};
			name = Debug;
		};
		D267F18B1FA1D66C0019192E /* Release */ = {
			isa = XCBuildConfiguration;
			buildSettings = {
				ALWAYS_SEARCH_USER_PATHS = NO;
				CLANG_ANALYZER_NONNULL = YES;
				CLANG_ANALYZER_NUMBER_OBJECT_CONVERSION = YES_AGGRESSIVE;
				CLANG_CXX_LANGUAGE_STANDARD = "gnu++14";
				CLANG_CXX_LIBRARY = "libc++";
				CLANG_ENABLE_MODULES = YES;
				CLANG_ENABLE_OBJC_ARC = YES;
				CLANG_WARN_BLOCK_CAPTURE_AUTORELEASING = YES;
				CLANG_WARN_BOOL_CONVERSION = YES;
				CLANG_WARN_COMMA = YES;
				CLANG_WARN_CONSTANT_CONVERSION = YES;
				CLANG_WARN_DIRECT_OBJC_ISA_USAGE = YES_ERROR;
				CLANG_WARN_DOCUMENTATION_COMMENTS = YES;
				CLANG_WARN_EMPTY_BODY = YES;
				CLANG_WARN_ENUM_CONVERSION = YES;
				CLANG_WARN_INFINITE_RECURSION = YES;
				CLANG_WARN_INT_CONVERSION = YES;
				CLANG_WARN_NON_LITERAL_NULL_CONVERSION = YES;
				CLANG_WARN_OBJC_LITERAL_CONVERSION = YES;
				CLANG_WARN_OBJC_ROOT_CLASS = YES_ERROR;
				CLANG_WARN_RANGE_LOOP_ANALYSIS = YES;
				CLANG_WARN_STRICT_PROTOTYPES = YES;
				CLANG_WARN_SUSPICIOUS_MOVE = YES;
				CLANG_WARN_UNGUARDED_AVAILABILITY = YES_AGGRESSIVE;
				CLANG_WARN_UNREACHABLE_CODE = YES;
				CLANG_WARN__DUPLICATE_METHOD_MATCH = YES;
				CODE_SIGN_IDENTITY = "iPhone Developer";
				COPY_PHASE_STRIP = NO;
				DEBUG_INFORMATION_FORMAT = "dwarf-with-dsym";
				ENABLE_NS_ASSERTIONS = NO;
				ENABLE_STRICT_OBJC_MSGSEND = YES;
				GCC_C_LANGUAGE_STANDARD = gnu11;
				GCC_NO_COMMON_BLOCKS = YES;
				GCC_WARN_64_TO_32_BIT_CONVERSION = YES;
				GCC_WARN_ABOUT_RETURN_TYPE = YES_ERROR;
				GCC_WARN_UNDECLARED_SELECTOR = YES;
				GCC_WARN_UNINITIALIZED_AUTOS = YES_AGGRESSIVE;
				GCC_WARN_UNUSED_FUNCTION = YES;
				GCC_WARN_UNUSED_VARIABLE = YES;
				IPHONEOS_DEPLOYMENT_TARGET = 11.0;
				MTL_ENABLE_DEBUG_INFO = NO;
				SDKROOT = iphoneos;
				SWIFT_OPTIMIZATION_LEVEL = "-Owholemodule";
				VALIDATE_PRODUCT = YES;
			};
			name = Release;
		};
		D267F18D1FA1D66C0019192E /* Debug */ = {
			isa = XCBuildConfiguration;
			buildSettings = {
				ASSETCATALOG_COMPILER_APPICON_NAME = AppIcon;
				CODE_SIGN_STYLE = Automatic;
				INFOPLIST_FILE = PageMenuDemoOverlay/Info.plist;
				IPHONEOS_DEPLOYMENT_TARGET = 8.1;
				LD_RUNPATH_SEARCH_PATHS = "$(inherited) @executable_path/Frameworks";
				PRODUCT_BUNDLE_IDENTIFIER = caps.ua.edu.PageMenuDemoOverlay;
				PRODUCT_NAME = "$(TARGET_NAME)";
				SWIFT_VERSION = 4.0;
				TARGETED_DEVICE_FAMILY = "1,2";
			};
			name = Debug;
		};
		D267F18E1FA1D66C0019192E /* Release */ = {
			isa = XCBuildConfiguration;
			buildSettings = {
				ASSETCATALOG_COMPILER_APPICON_NAME = AppIcon;
				CODE_SIGN_STYLE = Automatic;
				INFOPLIST_FILE = PageMenuDemoOverlay/Info.plist;
				IPHONEOS_DEPLOYMENT_TARGET = 8.1;
				LD_RUNPATH_SEARCH_PATHS = "$(inherited) @executable_path/Frameworks";
				PRODUCT_BUNDLE_IDENTIFIER = caps.ua.edu.PageMenuDemoOverlay;
				PRODUCT_NAME = "$(TARGET_NAME)";
				SWIFT_VERSION = 4.0;
				TARGETED_DEVICE_FAMILY = "1,2";
			};
			name = Release;
		};
/* End XCBuildConfiguration section */

/* Begin XCConfigurationList section */
		D267F1751FA1D66C0019192E /* Build configuration list for PBXProject "PageMenuDemoOverlay" */ = {
			isa = XCConfigurationList;
			buildConfigurations = (
				D267F18A1FA1D66C0019192E /* Debug */,
				D267F18B1FA1D66C0019192E /* Release */,
			);
			defaultConfigurationIsVisible = 0;
			defaultConfigurationName = Release;
		};
		D267F18C1FA1D66C0019192E /* Build configuration list for PBXNativeTarget "PageMenuDemoOverlay" */ = {
			isa = XCConfigurationList;
			buildConfigurations = (
				D267F18D1FA1D66C0019192E /* Debug */,
				D267F18E1FA1D66C0019192E /* Release */,
			);
			defaultConfigurationIsVisible = 0;
			defaultConfigurationName = Release;
		};
/* End XCConfigurationList section */
	};
	rootObject = D267F1721FA1D66C0019192E /* Project object */;
}
